PODS:
  - AmazonIVSPlayer (1.2.0)
  - Flutter (1.0.0)
  - ivs_player (0.0.1):
    - AmazonIVSPlayer
    - Flutter

DEPENDENCIES:
  - Flutter (from `Flutter`)
  - ivs_player (from `.symlinks/plugins/ivs_player/ios`)

SPEC REPOS:
  trunk:
    - AmazonIVSPlayer

EXTERNAL SOURCES:
  Flutter:
    :path: Flutter
  ivs_player:
    :path: ".symlinks/plugins/ivs_player/ios"

SPEC CHECKSUMS:
  AmazonIVSPlayer: d0f971e303558c04bbe70692292db7378650f8ad
  Flutter: 0e3d915762c693b495b44d77113d4970485de6ec
  ivs_player: 694160a1bd3f8ef8b66b2a728d5bc98be96349dc

PODFILE CHECKSUM: aafe91acc616949ddb318b77800a7f51bffa2a4c

COCOAPODS: 1.10.0
